// !$*UTF8*$!
{
	archiveVersion = 1;
	classes = {
	};
	objectVersion = 56;
	objects = {

/* Begin PBXBuildFile section */
		892E6563292F592E00969BDC /* AppDelegate.swift in Sources */ = {isa = PBXBuildFile; fileRef = 892E6562292F592E00969BDC /* AppDelegate.swift */; };
		892E6565292F592E00969BDC /* SceneDelegate.swift in Sources */ = {isa = PBXBuildFile; fileRef = 892E6564292F592E00969BDC /* SceneDelegate.swift */; };
		892E6567292F592E00969BDC /* HomeViewController.swift in Sources */ = {isa = PBXBuildFile; fileRef = 892E6566292F592E00969BDC /* HomeViewController.swift */; };
		892E656C292F592F00969BDC /* Assets.xcassets in Resources */ = {isa = PBXBuildFile; fileRef = 892E656B292F592F00969BDC /* Assets.xcassets */; };
		892E656F292F592F00969BDC /* LaunchScreen.storyboard in Resources */ = {isa = PBXBuildFile; fileRef = 892E656D292F592F00969BDC /* LaunchScreen.storyboard */; };
		89EE21E0292F62EF00218E17 /* HomeViewModel.swift in Sources */ = {isa = PBXBuildFile; fileRef = 89EE21DF292F62EF00218E17 /* HomeViewModel.swift */; };
		89EE21E329309EC300218E17 /* AddConsumptionViewController.swift in Sources */ = {isa = PBXBuildFile; fileRef = 89EE21E229309EC300218E17 /* AddConsumptionViewController.swift */; };
		89EE21E629309EE200218E17 /* AddConsumptionViewModel.swift in Sources */ = {isa = PBXBuildFile; fileRef = 89EE21E529309EE200218E17 /* AddConsumptionViewModel.swift */; };
		89EE21E82930A03000218E17 /* Extension + UITextField.swift in Sources */ = {isa = PBXBuildFile; fileRef = 89EE21E72930A03000218E17 /* Extension + UITextField.swift */; };
		89EE21EB2930A18D00218E17 /* Extension + UIStackView.swift in Sources */ = {isa = PBXBuildFile; fileRef = 89EE21EA2930A18D00218E17 /* Extension + UIStackView.swift */; };
		89EE21ED2930AA8D00218E17 /* Extension + UIButton.swift in Sources */ = {isa = PBXBuildFile; fileRef = 89EE21EC2930AA8D00218E17 /* Extension + UIButton.swift */; };
		89EE21EF2930DDD900218E17 /* ConsumptionTypeModel.swift in Sources */ = {isa = PBXBuildFile; fileRef = 89EE21EE2930DDD900218E17 /* ConsumptionTypeModel.swift */; };
		89EE21F2293244BB00218E17 /* ConsumptionTableViewCell.swift in Sources */ = {isa = PBXBuildFile; fileRef = 89EE21F1293244BB00218E17 /* ConsumptionTableViewCell.swift */; };
		89EE21F4293244CA00218E17 /* ConsumptionTableViewCellViewModel.swift in Sources */ = {isa = PBXBuildFile; fileRef = 89EE21F3293244CA00218E17 /* ConsumptionTableViewCellViewModel.swift */; };
		89EE21F72932458000218E17 /* Extension + UILabel.swift in Sources */ = {isa = PBXBuildFile; fileRef = 89EE21F62932458000218E17 /* Extension + UILabel.swift */; };
/* End PBXBuildFile section */

/* Begin PBXFileReference section */
		892E655F292F592E00969BDC /* WalletTrackerApp.app */ = {isa = PBXFileReference; explicitFileType = wrapper.application; includeInIndex = 0; path = WalletTrackerApp.app; sourceTree = BUILT_PRODUCTS_DIR; };
		892E6562292F592E00969BDC /* AppDelegate.swift */ = {isa = PBXFileReference; lastKnownFileType = sourcecode.swift; path = AppDelegate.swift; sourceTree = "<group>"; };
		892E6564292F592E00969BDC /* SceneDelegate.swift */ = {isa = PBXFileReference; lastKnownFileType = sourcecode.swift; path = SceneDelegate.swift; sourceTree = "<group>"; };
		892E6566292F592E00969BDC /* HomeViewController.swift */ = {isa = PBXFileReference; lastKnownFileType = sourcecode.swift; path = HomeViewController.swift; sourceTree = "<group>"; };
		892E656B292F592F00969BDC /* Assets.xcassets */ = {isa = PBXFileReference; lastKnownFileType = folder.assetcatalog; path = Assets.xcassets; sourceTree = "<group>"; };
		892E656E292F592F00969BDC /* Base */ = {isa = PBXFileReference; lastKnownFileType = file.storyboard; name = Base; path = Base.lproj/LaunchScreen.storyboard; sourceTree = "<group>"; };
		892E6570292F592F00969BDC /* Info.plist */ = {isa = PBXFileReference; lastKnownFileType = text.plist.xml; path = Info.plist; sourceTree = "<group>"; };
		89EE21DF292F62EF00218E17 /* HomeViewModel.swift */ = {isa = PBXFileReference; lastKnownFileType = sourcecode.swift; path = HomeViewModel.swift; sourceTree = "<group>"; };
		89EE21E229309EC300218E17 /* AddConsumptionViewController.swift */ = {isa = PBXFileReference; lastKnownFileType = sourcecode.swift; path = AddConsumptionViewController.swift; sourceTree = "<group>"; };
		89EE21E529309EE200218E17 /* AddConsumptionViewModel.swift */ = {isa = PBXFileReference; lastKnownFileType = sourcecode.swift; path = AddConsumptionViewModel.swift; sourceTree = "<group>"; };
		89EE21E72930A03000218E17 /* Extension + UITextField.swift */ = {isa = PBXFileReference; lastKnownFileType = sourcecode.swift; path = "Extension + UITextField.swift"; sourceTree = "<group>"; };
		89EE21EA2930A18D00218E17 /* Extension + UIStackView.swift */ = {isa = PBXFileReference; lastKnownFileType = sourcecode.swift; path = "Extension + UIStackView.swift"; sourceTree = "<group>"; };
		89EE21EC2930AA8D00218E17 /* Extension + UIButton.swift */ = {isa = PBXFileReference; lastKnownFileType = sourcecode.swift; path = "Extension + UIButton.swift"; sourceTree = "<group>"; };
		89EE21EE2930DDD900218E17 /* ConsumptionTypeModel.swift */ = {isa = PBXFileReference; lastKnownFileType = sourcecode.swift; path = ConsumptionTypeModel.swift; sourceTree = "<group>"; };
		89EE21F1293244BB00218E17 /* ConsumptionTableViewCell.swift */ = {isa = PBXFileReference; lastKnownFileType = sourcecode.swift; path = ConsumptionTableViewCell.swift; sourceTree = "<group>"; };
		89EE21F3293244CA00218E17 /* ConsumptionTableViewCellViewModel.swift */ = {isa = PBXFileReference; lastKnownFileType = sourcecode.swift; path = ConsumptionTableViewCellViewModel.swift; sourceTree = "<group>"; };
		89EE21F62932458000218E17 /* Extension + UILabel.swift */ = {isa = PBXFileReference; lastKnownFileType = sourcecode.swift; path = "Extension + UILabel.swift"; sourceTree = "<group>"; };
/* End PBXFileReference section */

/* Begin PBXFrameworksBuildPhase section */
		892E655C292F592E00969BDC /* Frameworks */ = {
			isa = PBXFrameworksBuildPhase;
			buildActionMask = 2147483647;
			files = (
			);
			runOnlyForDeploymentPostprocessing = 0;
		};
/* End PBXFrameworksBuildPhase section */

/* Begin PBXGroup section */
		892E6556292F592E00969BDC = {
			isa = PBXGroup;
			children = (
				892E6561292F592E00969BDC /* WalletTrackerApp */,
				892E6560292F592E00969BDC /* Products */,
			);
			sourceTree = "<group>";
		};
		892E6560292F592E00969BDC /* Products */ = {
			isa = PBXGroup;
			children = (
				892E655F292F592E00969BDC /* WalletTrackerApp.app */,
			);
			name = Products;
			sourceTree = "<group>";
		};
		892E6561292F592E00969BDC /* WalletTrackerApp */ = {
			isa = PBXGroup;
			children = (
				89EE21E1292F630900218E17 /* Application */,
				89EE21DE292F62E200218E17 /* HomeViewController */,
				89EE21E429309ECF00218E17 /* AddConsumptionViewController */,
				89EE21F02930DDF300218E17 /* Models */,
				89EE21E92930A06700218E17 /* Extensions */,
				89EE21DC292F62D200218E17 /* Storyboards */,
				89EE21DD292F62DA00218E17 /* Resources */,
			);
			path = WalletTrackerApp;
			sourceTree = "<group>";
		};
		89EE21DC292F62D200218E17 /* Storyboards */ = {
			isa = PBXGroup;
			children = (
				892E656D292F592F00969BDC /* LaunchScreen.storyboard */,
			);
			path = Storyboards;
			sourceTree = "<group>";
		};
		89EE21DD292F62DA00218E17 /* Resources */ = {
			isa = PBXGroup;
			children = (
				892E656B292F592F00969BDC /* Assets.xcassets */,
			);
			path = Resources;
			sourceTree = "<group>";
		};
		89EE21DE292F62E200218E17 /* HomeViewController */ = {
			isa = PBXGroup;
			children = (
				892E6566292F592E00969BDC /* HomeViewController.swift */,
				89EE21DF292F62EF00218E17 /* HomeViewModel.swift */,
				89EE21F5293244EC00218E17 /* Cells */,
			);
			path = HomeViewController;
			sourceTree = "<group>";
		};
		89EE21E1292F630900218E17 /* Application */ = {
			isa = PBXGroup;
			children = (
				892E6562292F592E00969BDC /* AppDelegate.swift */,
				892E6564292F592E00969BDC /* SceneDelegate.swift */,
				892E6570292F592F00969BDC /* Info.plist */,
			);
			path = Application;
			sourceTree = "<group>";
		};
		89EE21E429309ECF00218E17 /* AddConsumptionViewController */ = {
			isa = PBXGroup;
			children = (
				89EE21E229309EC300218E17 /* AddConsumptionViewController.swift */,
				89EE21E529309EE200218E17 /* AddConsumptionViewModel.swift */,
			);
			path = AddConsumptionViewController;
			sourceTree = "<group>";
		};
		89EE21E92930A06700218E17 /* Extensions */ = {
			isa = PBXGroup;
			children = (
				89EE21E72930A03000218E17 /* Extension + UITextField.swift */,
				89EE21F62932458000218E17 /* Extension + UILabel.swift */,
				89EE21EC2930AA8D00218E17 /* Extension + UIButton.swift */,
				89EE21EA2930A18D00218E17 /* Extension + UIStackView.swift */,
			);
			path = Extensions;
			sourceTree = "<group>";
		};
		89EE21F02930DDF300218E17 /* Models */ = {
			isa = PBXGroup;
			children = (
				89EE21EE2930DDD900218E17 /* ConsumptionTypeModel.swift */,
			);
			path = Models;
			sourceTree = "<group>";
		};
		89EE21F5293244EC00218E17 /* Cells */ = {
			isa = PBXGroup;
			children = (
				89EE21F1293244BB00218E17 /* ConsumptionTableViewCell.swift */,
				89EE21F3293244CA00218E17 /* ConsumptionTableViewCellViewModel.swift */,
			);
			path = Cells;
			sourceTree = "<group>";
		};
/* End PBXGroup section */

/* Begin PBXNativeTarget section */
		892E655E292F592E00969BDC /* WalletTrackerApp */ = {
			isa = PBXNativeTarget;
			buildConfigurationList = 892E6573292F592F00969BDC /* Build configuration list for PBXNativeTarget "WalletTrackerApp" */;
			buildPhases = (
				892E655B292F592E00969BDC /* Sources */,
				892E655C292F592E00969BDC /* Frameworks */,
				892E655D292F592E00969BDC /* Resources */,
			);
			buildRules = (
			);
			dependencies = (
			);
			name = WalletTrackerApp;
			productName = WalletTrackerApp;
			productReference = 892E655F292F592E00969BDC /* WalletTrackerApp.app */;
			productType = "com.apple.product-type.application";
		};
/* End PBXNativeTarget section */

/* Begin PBXProject section */
		892E6557292F592E00969BDC /* Project object */ = {
			isa = PBXProject;
			attributes = {
				BuildIndependentTargetsInParallel = 1;
				LastSwiftUpdateCheck = 1400;
				LastUpgradeCheck = 1400;
				TargetAttributes = {
					892E655E292F592E00969BDC = {
						CreatedOnToolsVersion = 14.0;
					};
				};
			};
			buildConfigurationList = 892E655A292F592E00969BDC /* Build configuration list for PBXProject "WalletTrackerApp" */;
			compatibilityVersion = "Xcode 14.0";
			developmentRegion = en;
			hasScannedForEncodings = 0;
			knownRegions = (
				en,
				Base,
			);
			mainGroup = 892E6556292F592E00969BDC;
			productRefGroup = 892E6560292F592E00969BDC /* Products */;
			projectDirPath = "";
			projectRoot = "";
			targets = (
				892E655E292F592E00969BDC /* WalletTrackerApp */,
			);
		};
/* End PBXProject section */

/* Begin PBXResourcesBuildPhase section */
		892E655D292F592E00969BDC /* Resources */ = {
			isa = PBXResourcesBuildPhase;
			buildActionMask = 2147483647;
			files = (
				892E656F292F592F00969BDC /* LaunchScreen.storyboard in Resources */,
				892E656C292F592F00969BDC /* Assets.xcassets in Resources */,
			);
			runOnlyForDeploymentPostprocessing = 0;
		};
/* End PBXResourcesBuildPhase section */

/* Begin PBXSourcesBuildPhase section */
		892E655B292F592E00969BDC /* Sources */ = {
			isa = PBXSourcesBuildPhase;
			buildActionMask = 2147483647;
			files = (
				892E6567292F592E00969BDC /* HomeViewController.swift in Sources */,
				89EE21ED2930AA8D00218E17 /* Extension + UIButton.swift in Sources */,
				89EE21F2293244BB00218E17 /* ConsumptionTableViewCell.swift in Sources */,
				892E6563292F592E00969BDC /* AppDelegate.swift in Sources */,
				89EE21E629309EE200218E17 /* AddConsumptionViewModel.swift in Sources */,
				892E6565292F592E00969BDC /* SceneDelegate.swift in Sources */,
				89EE21EF2930DDD900218E17 /* ConsumptionTypeModel.swift in Sources */,
				89EE21E329309EC300218E17 /* AddConsumptionViewController.swift in Sources */,
				89EE21F72932458000218E17 /* Extension + UILabel.swift in Sources */,
				89EE21F4293244CA00218E17 /* ConsumptionTableViewCellViewModel.swift in Sources */,
				89EE21E0292F62EF00218E17 /* HomeViewModel.swift in Sources */,
				89EE21E82930A03000218E17 /* Extension + UITextField.swift in Sources */,
				89EE21EB2930A18D00218E17 /* Extension + UIStackView.swift in Sources */,
			);
			runOnlyForDeploymentPostprocessing = 0;
		};
/* End PBXSourcesBuildPhase section */

/* Begin PBXVariantGroup section */
		892E656D292F592F00969BDC /* LaunchScreen.storyboard */ = {
			isa = PBXVariantGroup;
			children = (
				892E656E292F592F00969BDC /* Base */,
			);
			name = LaunchScreen.storyboard;
			sourceTree = "<group>";
		};
/* End PBXVariantGroup section */

/* Begin XCBuildConfiguration section */
		892E6571292F592F00969BDC /* Debug */ = {
			isa = XCBuildConfiguration;
			buildSettings = {
				ALWAYS_SEARCH_USER_PATHS = NO;
				CLANG_ANALYZER_NONNULL = YES;
				CLANG_ANALYZER_NUMBER_OBJECT_CONVERSION = YES_AGGRESSIVE;
				CLANG_CXX_LANGUAGE_STANDARD = "gnu++20";
				CLANG_ENABLE_MODULES = YES;
				CLANG_ENABLE_OBJC_ARC = YES;
				CLANG_ENABLE_OBJC_WEAK = YES;
				CLANG_WARN_BLOCK_CAPTURE_AUTORELEASING = YES;
				CLANG_WARN_BOOL_CONVERSION = YES;
				CLANG_WARN_COMMA = YES;
				CLANG_WARN_CONSTANT_CONVERSION = YES;
				CLANG_WARN_DEPRECATED_OBJC_IMPLEMENTATIONS = YES;
				CLANG_WARN_DIRECT_OBJC_ISA_USAGE = YES_ERROR;
				CLANG_WARN_DOCUMENTATION_COMMENTS = YES;
				CLANG_WARN_EMPTY_BODY = YES;
				CLANG_WARN_ENUM_CONVERSION = YES;
				CLANG_WARN_INFINITE_RECURSION = YES;
				CLANG_WARN_INT_CONVERSION = YES;
				CLANG_WARN_NON_LITERAL_NULL_CONVERSION = YES;
				CLANG_WARN_OBJC_IMPLICIT_RETAIN_SELF = YES;
				CLANG_WARN_OBJC_LITERAL_CONVERSION = YES;
				CLANG_WARN_OBJC_ROOT_CLASS = YES_ERROR;
				CLANG_WARN_QUOTED_INCLUDE_IN_FRAMEWORK_HEADER = YES;
				CLANG_WARN_RANGE_LOOP_ANALYSIS = YES;
				CLANG_WARN_STRICT_PROTOTYPES = YES;
				CLANG_WARN_SUSPICIOUS_MOVE = YES;
				CLANG_WARN_UNGUARDED_AVAILABILITY = YES_AGGRESSIVE;
				CLANG_WARN_UNREACHABLE_CODE = YES;
				CLANG_WARN__DUPLICATE_METHOD_MATCH = YES;
				COPY_PHASE_STRIP = NO;
				DEBUG_INFORMATION_FORMAT = dwarf;
				ENABLE_STRICT_OBJC_MSGSEND = YES;
				ENABLE_TESTABILITY = YES;
				GCC_C_LANGUAGE_STANDARD = gnu11;
				GCC_DYNAMIC_NO_PIC = NO;
				GCC_NO_COMMON_BLOCKS = YES;
				GCC_OPTIMIZATION_LEVEL = 0;
				GCC_PREPROCESSOR_DEFINITIONS = (
					"DEBUG=1",
					"$(inherited)",
				);
				GCC_WARN_64_TO_32_BIT_CONVERSION = YES;
				GCC_WARN_ABOUT_RETURN_TYPE = YES_ERROR;
				GCC_WARN_UNDECLARED_SELECTOR = YES;
				GCC_WARN_UNINITIALIZED_AUTOS = YES_AGGRESSIVE;
				GCC_WARN_UNUSED_FUNCTION = YES;
				GCC_WARN_UNUSED_VARIABLE = YES;
				IPHONEOS_DEPLOYMENT_TARGET = 16.0;
				MTL_ENABLE_DEBUG_INFO = INCLUDE_SOURCE;
				MTL_FAST_MATH = YES;
				ONLY_ACTIVE_ARCH = YES;
				SDKROOT = iphoneos;
				SWIFT_ACTIVE_COMPILATION_CONDITIONS = DEBUG;
				SWIFT_OPTIMIZATION_LEVEL = "-Onone";
			};
			name = Debug;
		};
		892E6572292F592F00969BDC /* Release */ = {
			isa = XCBuildConfiguration;
			buildSettings = {
				ALWAYS_SEARCH_USER_PATHS = NO;
				CLANG_ANALYZER_NONNULL = YES;
				CLANG_ANALYZER_NUMBER_OBJECT_CONVERSION = YES_AGGRESSIVE;
				CLANG_CXX_LANGUAGE_STANDARD = "gnu++20";
				CLANG_ENABLE_MODULES = YES;
				CLANG_ENABLE_OBJC_ARC = YES;
				CLANG_ENABLE_OBJC_WEAK = YES;
				CLANG_WARN_BLOCK_CAPTURE_AUTORELEASING = YES;
				CLANG_WARN_BOOL_CONVERSION = YES;
				CLANG_WARN_COMMA = YES;
				CLANG_WARN_CONSTANT_CONVERSION = YES;
				CLANG_WARN_DEPRECATED_OBJC_IMPLEMENTATIONS = YES;
				CLANG_WARN_DIRECT_OBJC_ISA_USAGE = YES_ERROR;
				CLANG_WARN_DOCUMENTATION_COMMENTS = YES;
				CLANG_WARN_EMPTY_BODY = YES;
				CLANG_WARN_ENUM_CONVERSION = YES;
				CLANG_WARN_INFINITE_RECURSION = YES;
				CLANG_WARN_INT_CONVERSION = YES;
				CLANG_WARN_NON_LITERAL_NULL_CONVERSION = YES;
				CLANG_WARN_OBJC_IMPLICIT_RETAIN_SELF = YES;
				CLANG_WARN_OBJC_LITERAL_CONVERSION = YES;
				CLANG_WARN_OBJC_ROOT_CLASS = YES_ERROR;
				CLANG_WARN_QUOTED_INCLUDE_IN_FRAMEWORK_HEADER = YES;
				CLANG_WARN_RANGE_LOOP_ANALYSIS = YES;
				CLANG_WARN_STRICT_PROTOTYPES = YES;
				CLANG_WARN_SUSPICIOUS_MOVE = YES;
				CLANG_WARN_UNGUARDED_AVAILABILITY = YES_AGGRESSIVE;
				CLANG_WARN_UNREACHABLE_CODE = YES;
				CLANG_WARN__DUPLICATE_METHOD_MATCH = YES;
				COPY_PHASE_STRIP = NO;
				DEBUG_INFORMATION_FORMAT = "dwarf-with-dsym";
				ENABLE_NS_ASSERTIONS = NO;
				ENABLE_STRICT_OBJC_MSGSEND = YES;
				GCC_C_LANGUAGE_STANDARD = gnu11;
				GCC_NO_COMMON_BLOCKS = YES;
				GCC_WARN_64_TO_32_BIT_CONVERSION = YES;
				GCC_WARN_ABOUT_RETURN_TYPE = YES_ERROR;
				GCC_WARN_UNDECLARED_SELECTOR = YES;
				GCC_WARN_UNINITIALIZED_AUTOS = YES_AGGRESSIVE;
				GCC_WARN_UNUSED_FUNCTION = YES;
				GCC_WARN_UNUSED_VARIABLE = YES;
				IPHONEOS_DEPLOYMENT_TARGET = 16.0;
				MTL_ENABLE_DEBUG_INFO = NO;
				MTL_FAST_MATH = YES;
				SDKROOT = iphoneos;
				SWIFT_COMPILATION_MODE = wholemodule;
				SWIFT_OPTIMIZATION_LEVEL = "-O";
				VALIDATE_PRODUCT = YES;
			};
			name = Release;
		};
		892E6574292F592F00969BDC /* Debug */ = {
			isa = XCBuildConfiguration;
			buildSettings = {
				ASSETCATALOG_COMPILER_APPICON_NAME = AppIcon;
				ASSETCATALOG_COMPILER_GLOBAL_ACCENT_COLOR_NAME = AccentColor;
				CODE_SIGN_STYLE = Automatic;
				CURRENT_PROJECT_VERSION = 1;
				DEVELOPMENT_TEAM = V2AAW35578;
				GENERATE_INFOPLIST_FILE = YES;
				INFOPLIST_FILE = WalletTrackerApp/Application/Info.plist;
				INFOPLIST_KEY_UIApplicationSupportsIndirectInputEvents = YES;
				INFOPLIST_KEY_UILaunchStoryboardName = LaunchScreen;
				INFOPLIST_KEY_UIMainStoryboardFile = "";
				INFOPLIST_KEY_UISupportedInterfaceOrientations_iPad = "UIInterfaceOrientationPortrait UIInterfaceOrientationPortraitUpsideDown UIInterfaceOrientationLandscapeLeft UIInterfaceOrientationLandscapeRight";
				INFOPLIST_KEY_UISupportedInterfaceOrientations_iPhone = "UIInterfaceOrientationPortrait UIInterfaceOrientationLandscapeLeft UIInterfaceOrientationLandscapeRight";
				LD_RUNPATH_SEARCH_PATHS = (
					"$(inherited)",
					"@executable_path/Frameworks",
				);
				MARKETING_VERSION = 1.0;
				PRODUCT_BUNDLE_IDENTIFIER = clown.WalletTrackerApp;
				PRODUCT_NAME = "$(TARGET_NAME)";
				SWIFT_EMIT_LOC_STRINGS = YES;
				SWIFT_VERSION = 5.0;
				TARGETED_DEVICE_FAMILY = "1,2";
			};
			name = Debug;
		};
		892E6575292F592F00969BDC /* Release */ = {
			isa = XCBuildConfiguration;
			buildSettings = {
				ASSETCATALOG_COMPILER_APPICON_NAME = AppIcon;
				ASSETCATALOG_COMPILER_GLOBAL_ACCENT_COLOR_NAME = AccentColor;
				CODE_SIGN_STYLE = Automatic;
				CURRENT_PROJECT_VERSION = 1;
				DEVELOPMENT_TEAM = V2AAW35578;
				GENERATE_INFOPLIST_FILE = YES;
				INFOPLIST_FILE = WalletTrackerApp/Application/Info.plist;
				INFOPLIST_KEY_UIApplicationSupportsIndirectInputEvents = YES;
				INFOPLIST_KEY_UILaunchStoryboardName = LaunchScreen;
				INFOPLIST_KEY_UIMainStoryboardFile = "";
				INFOPLIST_KEY_UISupportedInterfaceOrientations_iPad = "UIInterfaceOrientationPortrait UIInterfaceOrientationPortraitUpsideDown UIInterfaceOrientationLandscapeLeft UIInterfaceOrientationLandscapeRight";
				INFOPLIST_KEY_UISupportedInterfaceOrientations_iPhone = "UIInterfaceOrientationPortrait UIInterfaceOrientationLandscapeLeft UIInterfaceOrientationLandscapeRight";
				LD_RUNPATH_SEARCH_PATHS = (
					"$(inherited)",
					"@executable_path/Frameworks",
				);
				MARKETING_VERSION = 1.0;
				PRODUCT_BUNDLE_IDENTIFIER = clown.WalletTrackerApp;
				PRODUCT_NAME = "$(TARGET_NAME)";
				SWIFT_EMIT_LOC_STRINGS = YES;
				SWIFT_VERSION = 5.0;
				TARGETED_DEVICE_FAMILY = "1,2";
			};
			name = Release;
		};
/* End XCBuildConfiguration section */

/* Begin XCConfigurationList section */
		892E655A292F592E00969BDC /* Build configuration list for PBXProject "WalletTrackerApp" */ = {
			isa = XCConfigurationList;
			buildConfigurations = (
				892E6571292F592F00969BDC /* Debug */,
				892E6572292F592F00969BDC /* Release */,
			);
			defaultConfigurationIsVisible = 0;
			defaultConfigurationName = Release;
		};
		892E6573292F592F00969BDC /* Build configuration list for PBXNativeTarget "WalletTrackerApp" */ = {
			isa = XCConfigurationList;
			buildConfigurations = (
				892E6574292F592F00969BDC /* Debug */,
				892E6575292F592F00969BDC /* Release */,
			);
			defaultConfigurationIsVisible = 0;
			defaultConfigurationName = Release;
		};
/* End XCConfigurationList section */
	};
	rootObject = 892E6557292F592E00969BDC /* Project object */;
}
